// !$*UTF8*$!
{
	archiveVersion = 1;
	classes = {
	};
	objectVersion = 46;
	objects = {

/* Begin PBXBuildFile section */
		3FA615287E3AC88BDDD46637 /* Pods_ONE_Swift.framework in Frameworks */ = {isa = PBXBuildFile; fileRef = 93771E9195B48F26BDA7BC21 /* Pods_ONE_Swift.framework */; };
		55250B3C1CD1EB6800593404 /* JENHomeDetailViewController.swift in Sources */ = {isa = PBXBuildFile; fileRef = 55250B3A1CD1EB6800593404 /* JENHomeDetailViewController.swift */; };
		55250B3D1CD1EB6800593404 /* JENHomeDetailViewController.xib in Resources */ = {isa = PBXBuildFile; fileRef = 55250B3B1CD1EB6800593404 /* JENHomeDetailViewController.xib */; };
		55250B3F1CD1FEC800593404 /* JENPastListViewController.swift in Sources */ = {isa = PBXBuildFile; fileRef = 55250B3E1CD1FEC800593404 /* JENPastListViewController.swift */; };
		55250B411CD2067700593404 /* JENHomePastListViewController.swift in Sources */ = {isa = PBXBuildFile; fileRef = 55250B401CD2067700593404 /* JENHomePastListViewController.swift */; };
		55250B441CD20AED00593404 /* JENExtension.swift in Sources */ = {isa = PBXBuildFile; fileRef = 55250B431CD20AED00593404 /* JENExtension.swift */; };
		553FD4961CDA2B2A00BC0142 /* JENReadToolBarView.swift in Sources */ = {isa = PBXBuildFile; fileRef = 553FD4951CDA2B2A00BC0142 /* JENReadToolBarView.swift */; };
		553FD4981CDA2B3400BC0142 /* JENReadToolBarView.xib in Resources */ = {isa = PBXBuildFile; fileRef = 553FD4971CDA2B3400BC0142 /* JENReadToolBarView.xib */; };
		553FD49C1CDB506100BC0142 /* JENReadRelatedCell.swift in Sources */ = {isa = PBXBuildFile; fileRef = 553FD49A1CDB506100BC0142 /* JENReadRelatedCell.swift */; };
		553FD49D1CDB506100BC0142 /* JENReadRelatedCell.xib in Resources */ = {isa = PBXBuildFile; fileRef = 553FD49B1CDB506100BC0142 /* JENReadRelatedCell.xib */; };
		553FD4A01CDB510400BC0142 /* JENCommentCell.swift in Sources */ = {isa = PBXBuildFile; fileRef = 553FD49E1CDB510400BC0142 /* JENCommentCell.swift */; };
		553FD4A11CDB510400BC0142 /* JENCommentCell.xib in Resources */ = {isa = PBXBuildFile; fileRef = 553FD49F1CDB510400BC0142 /* JENCommentCell.xib */; };
		553FD4A31CDB599100BC0142 /* JENRefreshFooter.swift in Sources */ = {isa = PBXBuildFile; fileRef = 553FD4A21CDB599100BC0142 /* JENRefreshFooter.swift */; };
		5554A0101CD1959100295948 /* JENHomeSubTotalItem.swift in Sources */ = {isa = PBXBuildFile; fileRef = 5554A00F1CD1959100295948 /* JENHomeSubTotalItem.swift */; };
		5554A0131CD1AC6D00295948 /* JENHomeTableCell.swift in Sources */ = {isa = PBXBuildFile; fileRef = 5554A0111CD1AC6D00295948 /* JENHomeTableCell.swift */; };
		5554A0141CD1AC6D00295948 /* JENHomeTableCell.xib in Resources */ = {isa = PBXBuildFile; fileRef = 5554A0121CD1AC6D00295948 /* JENHomeTableCell.xib */; };
		5554A0161CD1C29200295948 /* JENExtensionView.swift in Sources */ = {isa = PBXBuildFile; fileRef = 5554A0151CD1C29200295948 /* JENExtensionView.swift */; };
		5554A0181CD1C2A400295948 /* JENExtensionView.xib in Resources */ = {isa = PBXBuildFile; fileRef = 5554A0171CD1C2A400295948 /* JENExtensionView.xib */; };
		558FD9271CD0C95C00F3EA63 /* AppDelegate.swift in Sources */ = {isa = PBXBuildFile; fileRef = 558FD9261CD0C95C00F3EA63 /* AppDelegate.swift */; };
		558FD92E1CD0C95C00F3EA63 /* Assets.xcassets in Resources */ = {isa = PBXBuildFile; fileRef = 558FD92D1CD0C95C00F3EA63 /* Assets.xcassets */; };
		558FD9311CD0C95C00F3EA63 /* LaunchScreen.storyboard in Resources */ = {isa = PBXBuildFile; fileRef = 558FD92F1CD0C95C00F3EA63 /* LaunchScreen.storyboard */; };
		558FD9541CD0D41E00F3EA63 /* JENHomeViewController.swift in Sources */ = {isa = PBXBuildFile; fileRef = 558FD9531CD0D41E00F3EA63 /* JENHomeViewController.swift */; };
		558FD9561CD0D43400F3EA63 /* JENMusicViewController.swift in Sources */ = {isa = PBXBuildFile; fileRef = 558FD9551CD0D43400F3EA63 /* JENMusicViewController.swift */; };
		558FD95A1CD0D45800F3EA63 /* JENVideoViewController.swift in Sources */ = {isa = PBXBuildFile; fileRef = 558FD9591CD0D45800F3EA63 /* JENVideoViewController.swift */; };
		558FD95C1CD0D47600F3EA63 /* JENNavigationController.swift in Sources */ = {isa = PBXBuildFile; fileRef = 558FD95B1CD0D47600F3EA63 /* JENNavigationController.swift */; };
		558FD95E1CD0D48800F3EA63 /* JENTabBarController.swift in Sources */ = {isa = PBXBuildFile; fileRef = 558FD95D1CD0D48800F3EA63 /* JENTabBarController.swift */; };
		558FD9621CD0DFE100F3EA63 /* JENLoadData.swift in Sources */ = {isa = PBXBuildFile; fileRef = 558FD9611CD0DFE100F3EA63 /* JENLoadData.swift */; };
		558FD9641CD0E1AB00F3EA63 /* JENNetWorkTool.swift in Sources */ = {isa = PBXBuildFile; fileRef = 558FD9631CD0E1AB00F3EA63 /* JENNetWorkTool.swift */; };
		559D1DA91CD76A9800CA6CB3 /* JENReadCarouselItem.swift in Sources */ = {isa = PBXBuildFile; fileRef = 559D1DA81CD76A9800CA6CB3 /* JENReadCarouselItem.swift */; };
		55D94CFE1CD988D100B8DDC2 /* JENTitleButton.swift in Sources */ = {isa = PBXBuildFile; fileRef = 55D94CFD1CD988D100B8DDC2 /* JENTitleButton.swift */; };
		55D94D061CD996B500B8DDC2 /* JENReadViewController.swift in Sources */ = {isa = PBXBuildFile; fileRef = 55D94D031CD996B500B8DDC2 /* JENReadViewController.swift */; };
		55D94D0B1CD9972600B8DDC2 /* JENReadCarouseCell.swift in Sources */ = {isa = PBXBuildFile; fileRef = 55D94D081CD9972600B8DDC2 /* JENReadCarouseCell.swift */; };
		55D94D0C1CD9972600B8DDC2 /* JENReadCarouseCell.xib in Resources */ = {isa = PBXBuildFile; fileRef = 55D94D091CD9972600B8DDC2 /* JENReadCarouseCell.xib */; };
		55D94D0F1CD9976E00B8DDC2 /* JENReadCarouseDetailViewController.swift in Sources */ = {isa = PBXBuildFile; fileRef = 55D94D0D1CD9976E00B8DDC2 /* JENReadCarouseDetailViewController.swift */; };
		55D94D101CD9976E00B8DDC2 /* JENReadCarouseDetailViewController.xib in Resources */ = {isa = PBXBuildFile; fileRef = 55D94D0E1CD9976E00B8DDC2 /* JENReadCarouseDetailViewController.xib */; };
		55D94D121CD9979D00B8DDC2 /* JENReadTableViewController.swift in Sources */ = {isa = PBXBuildFile; fileRef = 55D94D111CD9979D00B8DDC2 /* JENReadTableViewController.swift */; };
		55D94D141CD997C700B8DDC2 /* JENReadEssayViewController.swift in Sources */ = {isa = PBXBuildFile; fileRef = 55D94D131CD997C700B8DDC2 /* JENReadEssayViewController.swift */; };
		55D94D161CD997D800B8DDC2 /* JENReadSerialViewController.swift in Sources */ = {isa = PBXBuildFile; fileRef = 55D94D151CD997D800B8DDC2 /* JENReadSerialViewController.swift */; };
		55D94D181CD997EC00B8DDC2 /* JENReadQuestionViewController.swift in Sources */ = {isa = PBXBuildFile; fileRef = 55D94D171CD997EC00B8DDC2 /* JENReadQuestionViewController.swift */; };
		55D94D1B1CD9999900B8DDC2 /* JENReadCell.swift in Sources */ = {isa = PBXBuildFile; fileRef = 55D94D191CD9999900B8DDC2 /* JENReadCell.swift */; };
		55D94D1C1CD9999900B8DDC2 /* JENReadCell.xib in Resources */ = {isa = PBXBuildFile; fileRef = 55D94D1A1CD9999900B8DDC2 /* JENReadCell.xib */; };
		55D94D1E1CD9A43900B8DDC2 /* JENReadItem.swift in Sources */ = {isa = PBXBuildFile; fileRef = 55D94D1D1CD9A43900B8DDC2 /* JENReadItem.swift */; };
		55D94D221CD9C0CF00B8DDC2 /* JENReadPastListViewController.swift in Sources */ = {isa = PBXBuildFile; fileRef = 55D94D211CD9C0CF00B8DDC2 /* JENReadPastListViewController.swift */; };
		55D94D241CD9C74700B8DDC2 /* JENReadDetailViewController.swift in Sources */ = {isa = PBXBuildFile; fileRef = 55D94D231CD9C74700B8DDC2 /* JENReadDetailViewController.swift */; };
		55D94D261CD9CB5000B8DDC2 /* JENEssayDetailViewController.swift in Sources */ = {isa = PBXBuildFile; fileRef = 55D94D251CD9CB5000B8DDC2 /* JENEssayDetailViewController.swift */; };
		55D94D281CD9CB5D00B8DDC2 /* JENSerialDetailViewController.swift in Sources */ = {isa = PBXBuildFile; fileRef = 55D94D271CD9CB5D00B8DDC2 /* JENSerialDetailViewController.swift */; };
		55D94D2A1CD9CB7000B8DDC2 /* JENQuestionDetailViewController.swift in Sources */ = {isa = PBXBuildFile; fileRef = 55D94D291CD9CB7000B8DDC2 /* JENQuestionDetailViewController.swift */; };
		55D94D2C1CD9CCA600B8DDC2 /* JENOneItem.swift in Sources */ = {isa = PBXBuildFile; fileRef = 55D94D2B1CD9CCA600B8DDC2 /* JENOneItem.swift */; };
		55D94D2E1CD9CCF300B8DDC2 /* JENReadDetailItem.swift in Sources */ = {isa = PBXBuildFile; fileRef = 55D94D2D1CD9CCF300B8DDC2 /* JENReadDetailItem.swift */; };
		55D94D301CD9D18000B8DDC2 /* JENReadDetailHeaderView.swift in Sources */ = {isa = PBXBuildFile; fileRef = 55D94D2F1CD9D18000B8DDC2 /* JENReadDetailHeaderView.swift */; };
		55D94D321CD9D18900B8DDC2 /* JENReadDetailHeaderView.xib in Resources */ = {isa = PBXBuildFile; fileRef = 55D94D311CD9D18900B8DDC2 /* JENReadDetailHeaderView.xib */; };
		55F7E4DE1CD47F01002BA01A /* JENReadCarouselView.swift in Sources */ = {isa = PBXBuildFile; fileRef = 55F7E4DD1CD47F01002BA01A /* JENReadCarouselView.swift */; };
		55F7E4E11CD47FC3002BA01A /* JENConst.swift in Sources */ = {isa = PBXBuildFile; fileRef = 55F7E4E01CD47FC3002BA01A /* JENConst.swift */; };
/* End PBXBuildFile section */

/* Begin PBXFileReference section */
		3D606FE1F9DA26DEA9262144 /* Pods-ONE_Swift.debug.xcconfig */ = {isa = PBXFileReference; includeInIndex = 1; lastKnownFileType = text.xcconfig; name = "Pods-ONE_Swift.debug.xcconfig"; path = "Pods/Target Support Files/Pods-ONE_Swift/Pods-ONE_Swift.debug.xcconfig"; sourceTree = "<group>"; };
		55250B3A1CD1EB6800593404 /* JENHomeDetailViewController.swift */ = {isa = PBXFileReference; fileEncoding = 4; lastKnownFileType = sourcecode.swift; path = JENHomeDetailViewController.swift; sourceTree = "<group>"; };
		55250B3B1CD1EB6800593404 /* JENHomeDetailViewController.xib */ = {isa = PBXFileReference; fileEncoding = 4; lastKnownFileType = file.xib; path = JENHomeDetailViewController.xib; sourceTree = "<group>"; };
		55250B3E1CD1FEC800593404 /* JENPastListViewController.swift */ = {isa = PBXFileReference; fileEncoding = 4; lastKnownFileType = sourcecode.swift; path = JENPastListViewController.swift; sourceTree = "<group>"; };
		55250B401CD2067700593404 /* JENHomePastListViewController.swift */ = {isa = PBXFileReference; fileEncoding = 4; lastKnownFileType = sourcecode.swift; path = JENHomePastListViewController.swift; sourceTree = "<group>"; };
		55250B431CD20AED00593404 /* JENExtension.swift */ = {isa = PBXFileReference; fileEncoding = 4; lastKnownFileType = sourcecode.swift; path = JENExtension.swift; sourceTree = "<group>"; };
		553FD4951CDA2B2A00BC0142 /* JENReadToolBarView.swift */ = {isa = PBXFileReference; fileEncoding = 4; lastKnownFileType = sourcecode.swift; path = JENReadToolBarView.swift; sourceTree = "<group>"; };
		553FD4971CDA2B3400BC0142 /* JENReadToolBarView.xib */ = {isa = PBXFileReference; fileEncoding = 4; lastKnownFileType = file.xib; path = JENReadToolBarView.xib; sourceTree = "<group>"; };
		553FD49A1CDB506100BC0142 /* JENReadRelatedCell.swift */ = {isa = PBXFileReference; fileEncoding = 4; lastKnownFileType = sourcecode.swift; path = JENReadRelatedCell.swift; sourceTree = "<group>"; };
		553FD49B1CDB506100BC0142 /* JENReadRelatedCell.xib */ = {isa = PBXFileReference; fileEncoding = 4; lastKnownFileType = file.xib; path = JENReadRelatedCell.xib; sourceTree = "<group>"; };
		553FD49E1CDB510400BC0142 /* JENCommentCell.swift */ = {isa = PBXFileReference; fileEncoding = 4; lastKnownFileType = sourcecode.swift; path = JENCommentCell.swift; sourceTree = "<group>"; };
		553FD49F1CDB510400BC0142 /* JENCommentCell.xib */ = {isa = PBXFileReference; fileEncoding = 4; lastKnownFileType = file.xib; path = JENCommentCell.xib; sourceTree = "<group>"; };
		553FD4A21CDB599100BC0142 /* JENRefreshFooter.swift */ = {isa = PBXFileReference; fileEncoding = 4; lastKnownFileType = sourcecode.swift; path = JENRefreshFooter.swift; sourceTree = "<group>"; };
		5554A00F1CD1959100295948 /* JENHomeSubTotalItem.swift */ = {isa = PBXFileReference; fileEncoding = 4; lastKnownFileType = sourcecode.swift; path = JENHomeSubTotalItem.swift; sourceTree = "<group>"; };
		5554A0111CD1AC6D00295948 /* JENHomeTableCell.swift */ = {isa = PBXFileReference; fileEncoding = 4; lastKnownFileType = sourcecode.swift; path = JENHomeTableCell.swift; sourceTree = "<group>"; };
		5554A0121CD1AC6D00295948 /* JENHomeTableCell.xib */ = {isa = PBXFileReference; fileEncoding = 4; lastKnownFileType = file.xib; path = JENHomeTableCell.xib; sourceTree = "<group>"; };
		5554A0151CD1C29200295948 /* JENExtensionView.swift */ = {isa = PBXFileReference; fileEncoding = 4; lastKnownFileType = sourcecode.swift; path = JENExtensionView.swift; sourceTree = "<group>"; };
		5554A0171CD1C2A400295948 /* JENExtensionView.xib */ = {isa = PBXFileReference; fileEncoding = 4; lastKnownFileType = file.xib; path = JENExtensionView.xib; sourceTree = "<group>"; };
		558FD9231CD0C95C00F3EA63 /* ONE_Swift.app */ = {isa = PBXFileReference; explicitFileType = wrapper.application; includeInIndex = 0; path = ONE_Swift.app; sourceTree = BUILT_PRODUCTS_DIR; };
		558FD9261CD0C95C00F3EA63 /* AppDelegate.swift */ = {isa = PBXFileReference; lastKnownFileType = sourcecode.swift; name = AppDelegate.swift; path = ../../AppDelegate.swift; sourceTree = "<group>"; };
		558FD92D1CD0C95C00F3EA63 /* Assets.xcassets */ = {isa = PBXFileReference; lastKnownFileType = folder.assetcatalog; path = Assets.xcassets; sourceTree = "<group>"; };
		558FD9301CD0C95C00F3EA63 /* Base */ = {isa = PBXFileReference; lastKnownFileType = file.storyboard; name = Base; path = Base.lproj/LaunchScreen.storyboard; sourceTree = "<group>"; };
		558FD9321CD0C95C00F3EA63 /* Info.plist */ = {isa = PBXFileReference; lastKnownFileType = text.plist.xml; path = Info.plist; sourceTree = "<group>"; };
		558FD9531CD0D41E00F3EA63 /* JENHomeViewController.swift */ = {isa = PBXFileReference; fileEncoding = 4; lastKnownFileType = sourcecode.swift; path = JENHomeViewController.swift; sourceTree = "<group>"; };
		558FD9551CD0D43400F3EA63 /* JENMusicViewController.swift */ = {isa = PBXFileReference; fileEncoding = 4; lastKnownFileType = sourcecode.swift; path = JENMusicViewController.swift; sourceTree = "<group>"; };
		558FD9591CD0D45800F3EA63 /* JENVideoViewController.swift */ = {isa = PBXFileReference; fileEncoding = 4; lastKnownFileType = sourcecode.swift; path = JENVideoViewController.swift; sourceTree = "<group>"; };
		558FD95B1CD0D47600F3EA63 /* JENNavigationController.swift */ = {isa = PBXFileReference; fileEncoding = 4; lastKnownFileType = sourcecode.swift; path = JENNavigationController.swift; sourceTree = "<group>"; };
		558FD95D1CD0D48800F3EA63 /* JENTabBarController.swift */ = {isa = PBXFileReference; fileEncoding = 4; lastKnownFileType = sourcecode.swift; path = JENTabBarController.swift; sourceTree = "<group>"; };
		558FD9611CD0DFE100F3EA63 /* JENLoadData.swift */ = {isa = PBXFileReference; fileEncoding = 4; lastKnownFileType = sourcecode.swift; path = JENLoadData.swift; sourceTree = "<group>"; };
		558FD9631CD0E1AB00F3EA63 /* JENNetWorkTool.swift */ = {isa = PBXFileReference; fileEncoding = 4; lastKnownFileType = sourcecode.swift; path = JENNetWorkTool.swift; sourceTree = "<group>"; };
		559D1DA81CD76A9800CA6CB3 /* JENReadCarouselItem.swift */ = {isa = PBXFileReference; fileEncoding = 4; lastKnownFileType = sourcecode.swift; path = JENReadCarouselItem.swift; sourceTree = "<group>"; };
		55D94CFD1CD988D100B8DDC2 /* JENTitleButton.swift */ = {isa = PBXFileReference; fileEncoding = 4; lastKnownFileType = sourcecode.swift; path = JENTitleButton.swift; sourceTree = "<group>"; };
		55D94D031CD996B500B8DDC2 /* JENReadViewController.swift */ = {isa = PBXFileReference; fileEncoding = 4; lastKnownFileType = sourcecode.swift; path = JENReadViewController.swift; sourceTree = "<group>"; };
		55D94D081CD9972600B8DDC2 /* JENReadCarouseCell.swift */ = {isa = PBXFileReference; fileEncoding = 4; lastKnownFileType = sourcecode.swift; path = JENReadCarouseCell.swift; sourceTree = "<group>"; };
		55D94D091CD9972600B8DDC2 /* JENReadCarouseCell.xib */ = {isa = PBXFileReference; fileEncoding = 4; lastKnownFileType = file.xib; path = JENReadCarouseCell.xib; sourceTree = "<group>"; };
		55D94D0D1CD9976E00B8DDC2 /* JENReadCarouseDetailViewController.swift */ = {isa = PBXFileReference; fileEncoding = 4; lastKnownFileType = sourcecode.swift; path = JENReadCarouseDetailViewController.swift; sourceTree = "<group>"; };
		55D94D0E1CD9976E00B8DDC2 /* JENReadCarouseDetailViewController.xib */ = {isa = PBXFileReference; fileEncoding = 4; lastKnownFileType = file.xib; path = JENReadCarouseDetailViewController.xib; sourceTree = "<group>"; };
		55D94D111CD9979D00B8DDC2 /* JENReadTableViewController.swift */ = {isa = PBXFileReference; fileEncoding = 4; lastKnownFileType = sourcecode.swift; path = JENReadTableViewController.swift; sourceTree = "<group>"; };
		55D94D131CD997C700B8DDC2 /* JENReadEssayViewController.swift */ = {isa = PBXFileReference; fileEncoding = 4; lastKnownFileType = sourcecode.swift; path = JENReadEssayViewController.swift; sourceTree = "<group>"; };
		55D94D151CD997D800B8DDC2 /* JENReadSerialViewController.swift */ = {isa = PBXFileReference; fileEncoding = 4; lastKnownFileType = sourcecode.swift; path = JENReadSerialViewController.swift; sourceTree = "<group>"; };
		55D94D171CD997EC00B8DDC2 /* JENReadQuestionViewController.swift */ = {isa = PBXFileReference; fileEncoding = 4; lastKnownFileType = sourcecode.swift; path = JENReadQuestionViewController.swift; sourceTree = "<group>"; };
		55D94D191CD9999900B8DDC2 /* JENReadCell.swift */ = {isa = PBXFileReference; fileEncoding = 4; lastKnownFileType = sourcecode.swift; path = JENReadCell.swift; sourceTree = "<group>"; };
		55D94D1A1CD9999900B8DDC2 /* JENReadCell.xib */ = {isa = PBXFileReference; fileEncoding = 4; lastKnownFileType = file.xib; path = JENReadCell.xib; sourceTree = "<group>"; };
		55D94D1D1CD9A43900B8DDC2 /* JENReadItem.swift */ = {isa = PBXFileReference; fileEncoding = 4; lastKnownFileType = sourcecode.swift; path = JENReadItem.swift; sourceTree = "<group>"; };
		55D94D211CD9C0CF00B8DDC2 /* JENReadPastListViewController.swift */ = {isa = PBXFileReference; fileEncoding = 4; lastKnownFileType = sourcecode.swift; path = JENReadPastListViewController.swift; sourceTree = "<group>"; };
		55D94D231CD9C74700B8DDC2 /* JENReadDetailViewController.swift */ = {isa = PBXFileReference; fileEncoding = 4; lastKnownFileType = sourcecode.swift; path = JENReadDetailViewController.swift; sourceTree = "<group>"; };
		55D94D251CD9CB5000B8DDC2 /* JENEssayDetailViewController.swift */ = {isa = PBXFileReference; fileEncoding = 4; lastKnownFileType = sourcecode.swift; path = JENEssayDetailViewController.swift; sourceTree = "<group>"; };
		55D94D271CD9CB5D00B8DDC2 /* JENSerialDetailViewController.swift */ = {isa = PBXFileReference; fileEncoding = 4; lastKnownFileType = sourcecode.swift; path = JENSerialDetailViewController.swift; sourceTree = "<group>"; };
		55D94D291CD9CB7000B8DDC2 /* JENQuestionDetailViewController.swift */ = {isa = PBXFileReference; fileEncoding = 4; lastKnownFileType = sourcecode.swift; path = JENQuestionDetailViewController.swift; sourceTree = "<group>"; };
		55D94D2B1CD9CCA600B8DDC2 /* JENOneItem.swift */ = {isa = PBXFileReference; fileEncoding = 4; lastKnownFileType = sourcecode.swift; path = JENOneItem.swift; sourceTree = "<group>"; };
		55D94D2D1CD9CCF300B8DDC2 /* JENReadDetailItem.swift */ = {isa = PBXFileReference; fileEncoding = 4; lastKnownFileType = sourcecode.swift; path = JENReadDetailItem.swift; sourceTree = "<group>"; };
		55D94D2F1CD9D18000B8DDC2 /* JENReadDetailHeaderView.swift */ = {isa = PBXFileReference; fileEncoding = 4; lastKnownFileType = sourcecode.swift; path = JENReadDetailHeaderView.swift; sourceTree = "<group>"; };
		55D94D311CD9D18900B8DDC2 /* JENReadDetailHeaderView.xib */ = {isa = PBXFileReference; fileEncoding = 4; lastKnownFileType = file.xib; path = JENReadDetailHeaderView.xib; sourceTree = "<group>"; };
		55F7E4DD1CD47F01002BA01A /* JENReadCarouselView.swift */ = {isa = PBXFileReference; fileEncoding = 4; lastKnownFileType = sourcecode.swift; path = JENReadCarouselView.swift; sourceTree = "<group>"; };
		55F7E4E01CD47FC3002BA01A /* JENConst.swift */ = {isa = PBXFileReference; fileEncoding = 4; lastKnownFileType = sourcecode.swift; path = JENConst.swift; sourceTree = "<group>"; };
		6BD509C900744CEF6CF6593A /* Pods-ONE_Swift.release.xcconfig */ = {isa = PBXFileReference; includeInIndex = 1; lastKnownFileType = text.xcconfig; name = "Pods-ONE_Swift.release.xcconfig"; path = "Pods/Target Support Files/Pods-ONE_Swift/Pods-ONE_Swift.release.xcconfig"; sourceTree = "<group>"; };
		93771E9195B48F26BDA7BC21 /* Pods_ONE_Swift.framework */ = {isa = PBXFileReference; explicitFileType = wrapper.framework; includeInIndex = 0; path = Pods_ONE_Swift.framework; sourceTree = BUILT_PRODUCTS_DIR; };
/* End PBXFileReference section */

/* Begin PBXFrameworksBuildPhase section */
		558FD9201CD0C95C00F3EA63 /* Frameworks */ = {
			isa = PBXFrameworksBuildPhase;
			buildActionMask = 2147483647;
			files = (
				3FA615287E3AC88BDDD46637 /* Pods_ONE_Swift.framework in Frameworks */,
			);
			runOnlyForDeploymentPostprocessing = 0;
		};
/* End PBXFrameworksBuildPhase section */

/* Begin PBXGroup section */
		0C67806A0F685740F315577F /* Pods */ = {
			isa = PBXGroup;
			children = (
				3D606FE1F9DA26DEA9262144 /* Pods-ONE_Swift.debug.xcconfig */,
				6BD509C900744CEF6CF6593A /* Pods-ONE_Swift.release.xcconfig */,
			);
			name = Pods;
			sourceTree = "<group>";
		};
		4463C9DE17B029033E8DE89F /* Frameworks */ = {
			isa = PBXGroup;
			children = (
				93771E9195B48F26BDA7BC21 /* Pods_ONE_Swift.framework */,
			);
			name = Frameworks;
			sourceTree = "<group>";
		};
		55250B421CD20AD400593404 /* Extension */ = {
			isa = PBXGroup;
			children = (
				55250B431CD20AED00593404 /* JENExtension.swift */,
			);
			path = Extension;
			sourceTree = "<group>";
		};
		553FD4991CDAD6C800BC0142 /* System */ = {
			isa = PBXGroup;
			children = (
				558FD92D1CD0C95C00F3EA63 /* Assets.xcassets */,
				558FD92F1CD0C95C00F3EA63 /* LaunchScreen.storyboard */,
				558FD9321CD0C95C00F3EA63 /* Info.plist */,
			);
			name = System;
			sourceTree = "<group>";
		};
		558FD91A1CD0C95C00F3EA63 = {
			isa = PBXGroup;
			children = (
				558FD9251CD0C95C00F3EA63 /* ONE_Swift */,
				558FD9241CD0C95C00F3EA63 /* Products */,
				0C67806A0F685740F315577F /* Pods */,
				4463C9DE17B029033E8DE89F /* Frameworks */,
			);
			sourceTree = "<group>";
		};
		558FD9241CD0C95C00F3EA63 /* Products */ = {
			isa = PBXGroup;
			children = (
				558FD9231CD0C95C00F3EA63 /* ONE_Swift.app */,
			);
			name = Products;
			sourceTree = "<group>";
		};
		558FD9251CD0C95C00F3EA63 /* ONE_Swift */ = {
			isa = PBXGroup;
			children = (
				558FD9381CD0CA2100F3EA63 /* Classes */,
				553FD4991CDAD6C800BC0142 /* System */,
			);
			path = ONE_Swift;
			sourceTree = "<group>";
		};
		558FD9381CD0CA2100F3EA63 /* Classes */ = {
			isa = PBXGroup;
			children = (
				558FD9391CD0CA2100F3EA63 /* Home-首页 */,
				558FD9471CD0CA2100F3EA63 /* Reading-阅读 */,
				558FD9411CD0CA2100F3EA63 /* Music-音乐 */,
				558FD94F1CD0CA2100F3EA63 /* Video-视频 */,
				558FD93D1CD0CA2100F3EA63 /* Main-主要 */,
				558FD94B1CD0CA2100F3EA63 /* Search-搜索 */,
				558FD9451CD0CA2100F3EA63 /* Other-其他 */,
			);
			path = Classes;
			sourceTree = "<group>";
		};
		558FD9391CD0CA2100F3EA63 /* Home-首页 */ = {
			isa = PBXGroup;
			children = (
				558FD93A1CD0CA2100F3EA63 /* Controller */,
				558FD93B1CD0CA2100F3EA63 /* Model */,
				558FD93C1CD0CA2100F3EA63 /* View */,
			);
			path = "Home-首页";
			sourceTree = "<group>";
		};
		558FD93A1CD0CA2100F3EA63 /* Controller */ = {
			isa = PBXGroup;
			children = (
				558FD9531CD0D41E00F3EA63 /* JENHomeViewController.swift */,
				55250B3A1CD1EB6800593404 /* JENHomeDetailViewController.swift */,
				55250B3B1CD1EB6800593404 /* JENHomeDetailViewController.xib */,
				55250B401CD2067700593404 /* JENHomePastListViewController.swift */,
			);
			path = Controller;
			sourceTree = "<group>";
		};
		558FD93B1CD0CA2100F3EA63 /* Model */ = {
			isa = PBXGroup;
			children = (
				5554A00F1CD1959100295948 /* JENHomeSubTotalItem.swift */,
			);
			path = Model;
			sourceTree = "<group>";
		};
		558FD93C1CD0CA2100F3EA63 /* View */ = {
			isa = PBXGroup;
			children = (
				5554A0111CD1AC6D00295948 /* JENHomeTableCell.swift */,
				5554A0121CD1AC6D00295948 /* JENHomeTableCell.xib */,
			);
			path = View;
			sourceTree = "<group>";
		};
		558FD93D1CD0CA2100F3EA63 /* Main-主要 */ = {
			isa = PBXGroup;
			children = (
				558FD93E1CD0CA2100F3EA63 /* Controller */,
				558FD93F1CD0CA2100F3EA63 /* Model */,
				558FD9401CD0CA2100F3EA63 /* View */,
			);
			path = "Main-主要";
			sourceTree = "<group>";
		};
		558FD93E1CD0CA2100F3EA63 /* Controller */ = {
			isa = PBXGroup;
			children = (
				558FD95B1CD0D47600F3EA63 /* JENNavigationController.swift */,
				558FD95D1CD0D48800F3EA63 /* JENTabBarController.swift */,
				55250B3E1CD1FEC800593404 /* JENPastListViewController.swift */,
			);
			path = Controller;
			sourceTree = "<group>";
		};
		558FD93F1CD0CA2100F3EA63 /* Model */ = {
			isa = PBXGroup;
			children = (
				55D94D2B1CD9CCA600B8DDC2 /* JENOneItem.swift */,
			);
			path = Model;
			sourceTree = "<group>";
		};
		558FD9401CD0CA2100F3EA63 /* View */ = {
			isa = PBXGroup;
			children = (
				5554A0151CD1C29200295948 /* JENExtensionView.swift */,
				5554A0171CD1C2A400295948 /* JENExtensionView.xib */,
				55D94CFD1CD988D100B8DDC2 /* JENTitleButton.swift */,
				553FD49E1CDB510400BC0142 /* JENCommentCell.swift */,
				553FD49F1CDB510400BC0142 /* JENCommentCell.xib */,
				553FD4A21CDB599100BC0142 /* JENRefreshFooter.swift */,
			);
			path = View;
			sourceTree = "<group>";
		};
		558FD9411CD0CA2100F3EA63 /* Music-音乐 */ = {
			isa = PBXGroup;
			children = (
				558FD9421CD0CA2100F3EA63 /* Controller */,
				558FD9431CD0CA2100F3EA63 /* Model */,
				558FD9441CD0CA2100F3EA63 /* View */,
			);
			path = "Music-音乐";
			sourceTree = "<group>";
		};
		558FD9421CD0CA2100F3EA63 /* Controller */ = {
			isa = PBXGroup;
			children = (
				558FD9551CD0D43400F3EA63 /* JENMusicViewController.swift */,
			);
			path = Controller;
			sourceTree = "<group>";
		};
		558FD9431CD0CA2100F3EA63 /* Model */ = {
			isa = PBXGroup;
			children = (
			);
			path = Model;
			sourceTree = "<group>";
		};
		558FD9441CD0CA2100F3EA63 /* View */ = {
			isa = PBXGroup;
			children = (
			);
			path = View;
			sourceTree = "<group>";
		};
		558FD9451CD0CA2100F3EA63 /* Other-其他 */ = {
			isa = PBXGroup;
			children = (
				558FD9261CD0C95C00F3EA63 /* AppDelegate.swift */,
				55F7E4DF1CD47FB2002BA01A /* Const */,
				55250B421CD20AD400593404 /* Extension */,
				558FD9461CD0CA2100F3EA63 /* Tools */,
			);
			path = "Other-其他";
			sourceTree = "<group>";
		};
		558FD9461CD0CA2100F3EA63 /* Tools */ = {
			isa = PBXGroup;
			children = (
				558FD9611CD0DFE100F3EA63 /* JENLoadData.swift */,
				558FD9631CD0E1AB00F3EA63 /* JENNetWorkTool.swift */,
			);
			path = Tools;
			sourceTree = "<group>";
		};
		558FD9471CD0CA2100F3EA63 /* Reading-阅读 */ = {
			isa = PBXGroup;
			children = (
				558FD9481CD0CA2100F3EA63 /* Controller */,
				558FD9491CD0CA2100F3EA63 /* Model */,
				558FD94A1CD0CA2100F3EA63 /* View */,
			);
			path = "Reading-阅读";
			sourceTree = "<group>";
		};
		558FD9481CD0CA2100F3EA63 /* Controller */ = {
			isa = PBXGroup;
			children = (
				55D94CFF1CD996B500B8DDC2 /* Detail */,
				55D94D001CD996B500B8DDC2 /* Read */,
			);
			path = Controller;
			sourceTree = "<group>";
		};
		558FD9491CD0CA2100F3EA63 /* Model */ = {
			isa = PBXGroup;
			children = (
				55D94D1D1CD9A43900B8DDC2 /* JENReadItem.swift */,
				55D94D2D1CD9CCF300B8DDC2 /* JENReadDetailItem.swift */,
				559D1DA81CD76A9800CA6CB3 /* JENReadCarouselItem.swift */,
			);
			path = Model;
			sourceTree = "<group>";
		};
		558FD94A1CD0CA2100F3EA63 /* View */ = {
			isa = PBXGroup;
			children = (
				55D94D071CD9972600B8DDC2 /* Cell */,
				55D94D0A1CD9972600B8DDC2 /* Detail */,
				55F7E4DD1CD47F01002BA01A /* JENReadCarouselView.swift */,
			);
			path = View;
			sourceTree = "<group>";
		};
		558FD94B1CD0CA2100F3EA63 /* Search-搜索 */ = {
			isa = PBXGroup;
			children = (
				558FD94C1CD0CA2100F3EA63 /* Controller */,
				558FD94D1CD0CA2100F3EA63 /* Model */,
				558FD94E1CD0CA2100F3EA63 /* View */,
			);
			path = "Search-搜索";
			sourceTree = "<group>";
		};
		558FD94C1CD0CA2100F3EA63 /* Controller */ = {
			isa = PBXGroup;
			children = (
			);
			path = Controller;
			sourceTree = "<group>";
		};
		558FD94D1CD0CA2100F3EA63 /* Model */ = {
			isa = PBXGroup;
			children = (
			);
			path = Model;
			sourceTree = "<group>";
		};
		558FD94E1CD0CA2100F3EA63 /* View */ = {
			isa = PBXGroup;
			children = (
			);
			path = View;
			sourceTree = "<group>";
		};
		558FD94F1CD0CA2100F3EA63 /* Video-视频 */ = {
			isa = PBXGroup;
			children = (
				558FD9501CD0CA2100F3EA63 /* Controller */,
				558FD9511CD0CA2100F3EA63 /* Model */,
				558FD9521CD0CA2100F3EA63 /* View */,
			);
			path = "Video-视频";
			sourceTree = "<group>";
		};
		558FD9501CD0CA2100F3EA63 /* Controller */ = {
			isa = PBXGroup;
			children = (
				558FD9591CD0D45800F3EA63 /* JENVideoViewController.swift */,
			);
			path = Controller;
			sourceTree = "<group>";
		};
		558FD9511CD0CA2100F3EA63 /* Model */ = {
			isa = PBXGroup;
			children = (
			);
			path = Model;
			sourceTree = "<group>";
		};
		558FD9521CD0CA2100F3EA63 /* View */ = {
			isa = PBXGroup;
			children = (
			);
			path = View;
			sourceTree = "<group>";
		};
		55D94CFF1CD996B500B8DDC2 /* Detail */ = {
			isa = PBXGroup;
			children = (
				55D94D0D1CD9976E00B8DDC2 /* JENReadCarouseDetailViewController.swift */,
				55D94D0E1CD9976E00B8DDC2 /* JENReadCarouseDetailViewController.xib */,
				55D94D231CD9C74700B8DDC2 /* JENReadDetailViewController.swift */,
				55D94D251CD9CB5000B8DDC2 /* JENEssayDetailViewController.swift */,
				55D94D271CD9CB5D00B8DDC2 /* JENSerialDetailViewController.swift */,
				55D94D291CD9CB7000B8DDC2 /* JENQuestionDetailViewController.swift */,
			);
			path = Detail;
			sourceTree = "<group>";
		};
		55D94D001CD996B500B8DDC2 /* Read */ = {
			isa = PBXGroup;
			children = (
				55D94D031CD996B500B8DDC2 /* JENReadViewController.swift */,
				55D94D111CD9979D00B8DDC2 /* JENReadTableViewController.swift */,
				55D94D131CD997C700B8DDC2 /* JENReadEssayViewController.swift */,
				55D94D151CD997D800B8DDC2 /* JENReadSerialViewController.swift */,
				55D94D171CD997EC00B8DDC2 /* JENReadQuestionViewController.swift */,
				55D94D211CD9C0CF00B8DDC2 /* JENReadPastListViewController.swift */,
			);
			path = Read;
			sourceTree = "<group>";
		};
		55D94D071CD9972600B8DDC2 /* Cell */ = {
			isa = PBXGroup;
			children = (
				55D94D081CD9972600B8DDC2 /* JENReadCarouseCell.swift */,
				55D94D091CD9972600B8DDC2 /* JENReadCarouseCell.xib */,
				55D94D191CD9999900B8DDC2 /* JENReadCell.swift */,
				55D94D1A1CD9999900B8DDC2 /* JENReadCell.xib */,
				553FD49A1CDB506100BC0142 /* JENReadRelatedCell.swift */,
				553FD49B1CDB506100BC0142 /* JENReadRelatedCell.xib */,
			);
			path = Cell;
			sourceTree = "<group>";
		};
		55D94D0A1CD9972600B8DDC2 /* Detail */ = {
			isa = PBXGroup;
			children = (
				55D94D2F1CD9D18000B8DDC2 /* JENReadDetailHeaderView.swift */,
				55D94D311CD9D18900B8DDC2 /* JENReadDetailHeaderView.xib */,
				553FD4951CDA2B2A00BC0142 /* JENReadToolBarView.swift */,
				553FD4971CDA2B3400BC0142 /* JENReadToolBarView.xib */,
			);
			path = Detail;
			sourceTree = "<group>";
		};
		55F7E4DF1CD47FB2002BA01A /* Const */ = {
			isa = PBXGroup;
			children = (
				55F7E4E01CD47FC3002BA01A /* JENConst.swift */,
			);
			path = Const;
			sourceTree = "<group>";
		};
/* End PBXGroup section */

/* Begin PBXNativeTarget section */
		558FD9221CD0C95C00F3EA63 /* ONE_Swift */ = {
			isa = PBXNativeTarget;
			buildConfigurationList = 558FD9351CD0C95C00F3EA63 /* Build configuration list for PBXNativeTarget "ONE_Swift" */;
			buildPhases = (
				16FB8017EF47E41CD9755799 /* Check Pods Manifest.lock */,
				558FD91F1CD0C95C00F3EA63 /* Sources */,
				558FD9201CD0C95C00F3EA63 /* Frameworks */,
				558FD9211CD0C95C00F3EA63 /* Resources */,
				F9BD9BCF89ED2515EA9642A6 /* Embed Pods Frameworks */,
				175477012EED3B48A888F337 /* Copy Pods Resources */,
			);
			buildRules = (
			);
			dependencies = (
			);
			name = ONE_Swift;
			productName = ONE_Swift;
			productReference = 558FD9231CD0C95C00F3EA63 /* ONE_Swift.app */;
			productType = "com.apple.product-type.application";
		};
/* End PBXNativeTarget section */

/* Begin PBXProject section */
		558FD91B1CD0C95C00F3EA63 /* Project object */ = {
			isa = PBXProject;
			attributes = {
				CLASSPREFIX = JEN;
				LastSwiftUpdateCheck = 0720;
				LastUpgradeCheck = 0720;
				ORGANIZATIONNAME = "任玉祥";
				TargetAttributes = {
					558FD9221CD0C95C00F3EA63 = {
						CreatedOnToolsVersion = 7.2;
						DevelopmentTeam = XJPMR8FRF3;
					};
				};
			};
			buildConfigurationList = 558FD91E1CD0C95C00F3EA63 /* Build configuration list for PBXProject "ONE_Swift" */;
			compatibilityVersion = "Xcode 3.2";
			developmentRegion = English;
			hasScannedForEncodings = 0;
			knownRegions = (
				en,
				Base,
			);
			mainGroup = 558FD91A1CD0C95C00F3EA63;
			productRefGroup = 558FD9241CD0C95C00F3EA63 /* Products */;
			projectDirPath = "";
			projectRoot = "";
			targets = (
				558FD9221CD0C95C00F3EA63 /* ONE_Swift */,
			);
		};
/* End PBXProject section */

/* Begin PBXResourcesBuildPhase section */
		558FD9211CD0C95C00F3EA63 /* Resources */ = {
			isa = PBXResourcesBuildPhase;
			buildActionMask = 2147483647;
			files = (
				5554A0181CD1C2A400295948 /* JENExtensionView.xib in Resources */,
				55D94D1C1CD9999900B8DDC2 /* JENReadCell.xib in Resources */,
				55D94D321CD9D18900B8DDC2 /* JENReadDetailHeaderView.xib in Resources */,
				558FD9311CD0C95C00F3EA63 /* LaunchScreen.storyboard in Resources */,
				55D94D0C1CD9972600B8DDC2 /* JENReadCarouseCell.xib in Resources */,
				558FD92E1CD0C95C00F3EA63 /* Assets.xcassets in Resources */,
				553FD49D1CDB506100BC0142 /* JENReadRelatedCell.xib in Resources */,
				553FD4A11CDB510400BC0142 /* JENCommentCell.xib in Resources */,
				55250B3D1CD1EB6800593404 /* JENHomeDetailViewController.xib in Resources */,
				5554A0141CD1AC6D00295948 /* JENHomeTableCell.xib in Resources */,
				553FD4981CDA2B3400BC0142 /* JENReadToolBarView.xib in Resources */,
				55D94D101CD9976E00B8DDC2 /* JENReadCarouseDetailViewController.xib in Resources */,
			);
			runOnlyForDeploymentPostprocessing = 0;
		};
/* End PBXResourcesBuildPhase section */

/* Begin PBXShellScriptBuildPhase section */
		16FB8017EF47E41CD9755799 /* Check Pods Manifest.lock */ = {
			isa = PBXShellScriptBuildPhase;
			buildActionMask = 2147483647;
			files = (
			);
			inputPaths = (
			);
			name = "Check Pods Manifest.lock";
			outputPaths = (
			);
			runOnlyForDeploymentPostprocessing = 0;
			shellPath = /bin/sh;
			shellScript = "diff \"${PODS_ROOT}/../Podfile.lock\" \"${PODS_ROOT}/Manifest.lock\" > /dev/null\nif [[ $? != 0 ]] ; then\n    cat << EOM\nerror: The sandbox is not in sync with the Podfile.lock. Run 'pod install' or update your CocoaPods installation.\nEOM\n    exit 1\nfi\n";
			showEnvVarsInLog = 0;
		};
		175477012EED3B48A888F337 /* Copy Pods Resources */ = {
			isa = PBXShellScriptBuildPhase;
			buildActionMask = 2147483647;
			files = (
			);
			inputPaths = (
			);
			name = "Copy Pods Resources";
			outputPaths = (
			);
			runOnlyForDeploymentPostprocessing = 0;
			shellPath = /bin/sh;
			shellScript = "\"${SRCROOT}/Pods/Target Support Files/Pods-ONE_Swift/Pods-ONE_Swift-resources.sh\"\n";
			showEnvVarsInLog = 0;
		};
		F9BD9BCF89ED2515EA9642A6 /* Embed Pods Frameworks */ = {
			isa = PBXShellScriptBuildPhase;
			buildActionMask = 2147483647;
			files = (
			);
			inputPaths = (
			);
			name = "Embed Pods Frameworks";
			outputPaths = (
			);
			runOnlyForDeploymentPostprocessing = 0;
			shellPath = /bin/sh;
			shellScript = "\"${SRCROOT}/Pods/Target Support Files/Pods-ONE_Swift/Pods-ONE_Swift-frameworks.sh\"\n";
			showEnvVarsInLog = 0;
		};
/* End PBXShellScriptBuildPhase section */

/* Begin PBXSourcesBuildPhase section */
		558FD91F1CD0C95C00F3EA63 /* Sources */ = {
			isa = PBXSourcesBuildPhase;
			buildActionMask = 2147483647;
			files = (
				55D94D141CD997C700B8DDC2 /* JENReadEssayViewController.swift in Sources */,
				55D94D061CD996B500B8DDC2 /* JENReadViewController.swift in Sources */,
				55D94D301CD9D18000B8DDC2 /* JENReadDetailHeaderView.swift in Sources */,
				558FD95A1CD0D45800F3EA63 /* JENVideoViewController.swift in Sources */,
				55250B411CD2067700593404 /* JENHomePastListViewController.swift in Sources */,
				55D94D2E1CD9CCF300B8DDC2 /* JENReadDetailItem.swift in Sources */,
				55D94D1B1CD9999900B8DDC2 /* JENReadCell.swift in Sources */,
				553FD4A01CDB510400BC0142 /* JENCommentCell.swift in Sources */,
				558FD95E1CD0D48800F3EA63 /* JENTabBarController.swift in Sources */,
				55F7E4DE1CD47F01002BA01A /* JENReadCarouselView.swift in Sources */,
				55250B441CD20AED00593404 /* JENExtension.swift in Sources */,
				558FD9561CD0D43400F3EA63 /* JENMusicViewController.swift in Sources */,
				553FD4A31CDB599100BC0142 /* JENRefreshFooter.swift in Sources */,
				559D1DA91CD76A9800CA6CB3 /* JENReadCarouselItem.swift in Sources */,
				558FD9641CD0E1AB00F3EA63 /* JENNetWorkTool.swift in Sources */,
				55D94D221CD9C0CF00B8DDC2 /* JENReadPastListViewController.swift in Sources */,
				558FD95C1CD0D47600F3EA63 /* JENNavigationController.swift in Sources */,
				55D94D121CD9979D00B8DDC2 /* JENReadTableViewController.swift in Sources */,
				55D94D0B1CD9972600B8DDC2 /* JENReadCarouseCell.swift in Sources */,
				5554A0131CD1AC6D00295948 /* JENHomeTableCell.swift in Sources */,
				558FD9541CD0D41E00F3EA63 /* JENHomeViewController.swift in Sources */,
				55D94D1E1CD9A43900B8DDC2 /* JENReadItem.swift in Sources */,
				55D94D161CD997D800B8DDC2 /* JENReadSerialViewController.swift in Sources */,
				558FD9621CD0DFE100F3EA63 /* JENLoadData.swift in Sources */,
				55D94D261CD9CB5000B8DDC2 /* JENEssayDetailViewController.swift in Sources */,
				55250B3C1CD1EB6800593404 /* JENHomeDetailViewController.swift in Sources */,
				553FD49C1CDB506100BC0142 /* JENReadRelatedCell.swift in Sources */,
				55D94D181CD997EC00B8DDC2 /* JENReadQuestionViewController.swift in Sources */,
				55D94D241CD9C74700B8DDC2 /* JENReadDetailViewController.swift in Sources */,
				55D94D2A1CD9CB7000B8DDC2 /* JENQuestionDetailViewController.swift in Sources */,
				553FD4961CDA2B2A00BC0142 /* JENReadToolBarView.swift in Sources */,
				5554A0161CD1C29200295948 /* JENExtensionView.swift in Sources */,
				55D94D2C1CD9CCA600B8DDC2 /* JENOneItem.swift in Sources */,
				55D94D281CD9CB5D00B8DDC2 /* JENSerialDetailViewController.swift in Sources */,
				55250B3F1CD1FEC800593404 /* JENPastListViewController.swift in Sources */,
				5554A0101CD1959100295948 /* JENHomeSubTotalItem.swift in Sources */,
				55D94D0F1CD9976E00B8DDC2 /* JENReadCarouseDetailViewController.swift in Sources */,
				558FD9271CD0C95C00F3EA63 /* AppDelegate.swift in Sources */,
				55D94CFE1CD988D100B8DDC2 /* JENTitleButton.swift in Sources */,
				55F7E4E11CD47FC3002BA01A /* JENConst.swift in Sources */,
			);
			runOnlyForDeploymentPostprocessing = 0;
		};
/* End PBXSourcesBuildPhase section */

/* Begin PBXVariantGroup section */
		558FD92F1CD0C95C00F3EA63 /* LaunchScreen.storyboard */ = {
			isa = PBXVariantGroup;
			children = (
				558FD9301CD0C95C00F3EA63 /* Base */,
			);
			name = LaunchScreen.storyboard;
			sourceTree = "<group>";
		};
/* End PBXVariantGroup section */

/* Begin XCBuildConfiguration section */
		558FD9331CD0C95C00F3EA63 /* Debug */ = {
			isa = XCBuildConfiguration;
			buildSettings = {
				ALWAYS_SEARCH_USER_PATHS = NO;
				CLANG_CXX_LANGUAGE_STANDARD = "gnu++0x";
				CLANG_CXX_LIBRARY = "libc++";
				CLANG_ENABLE_MODULES = YES;
				CLANG_ENABLE_OBJC_ARC = YES;
				CLANG_WARN_BOOL_CONVERSION = YES;
				CLANG_WARN_CONSTANT_CONVERSION = YES;
				CLANG_WARN_DIRECT_OBJC_ISA_USAGE = YES_ERROR;
				CLANG_WARN_EMPTY_BODY = YES;
				CLANG_WARN_ENUM_CONVERSION = YES;
				CLANG_WARN_INT_CONVERSION = YES;
				CLANG_WARN_OBJC_ROOT_CLASS = YES_ERROR;
				CLANG_WARN_UNREACHABLE_CODE = YES;
				CLANG_WARN__DUPLICATE_METHOD_MATCH = YES;
				"CODE_SIGN_IDENTITY[sdk=iphoneos*]" = "iPhone Developer";
				COPY_PHASE_STRIP = NO;
				DEBUG_INFORMATION_FORMAT = dwarf;
				ENABLE_STRICT_OBJC_MSGSEND = YES;
				ENABLE_TESTABILITY = YES;
				GCC_C_LANGUAGE_STANDARD = gnu99;
				GCC_DYNAMIC_NO_PIC = NO;
				GCC_NO_COMMON_BLOCKS = YES;
				GCC_OPTIMIZATION_LEVEL = 0;
				GCC_PREPROCESSOR_DEFINITIONS = (
					"DEBUG=1",
					"$(inherited)",
				);
				GCC_WARN_64_TO_32_BIT_CONVERSION = YES;
				GCC_WARN_ABOUT_RETURN_TYPE = YES_ERROR;
				GCC_WARN_UNDECLARED_SELECTOR = YES;
				GCC_WARN_UNINITIALIZED_AUTOS = YES_AGGRESSIVE;
				GCC_WARN_UNUSED_FUNCTION = YES;
				GCC_WARN_UNUSED_VARIABLE = YES;
				IPHONEOS_DEPLOYMENT_TARGET = 9.2;
				MTL_ENABLE_DEBUG_INFO = YES;
				ONLY_ACTIVE_ARCH = YES;
				SDKROOT = iphoneos;
				SWIFT_OPTIMIZATION_LEVEL = "-Onone";
			};
			name = Debug;
		};
		558FD9341CD0C95C00F3EA63 /* Release */ = {
			isa = XCBuildConfiguration;
			buildSettings = {
				ALWAYS_SEARCH_USER_PATHS = NO;
				CLANG_CXX_LANGUAGE_STANDARD = "gnu++0x";
				CLANG_CXX_LIBRARY = "libc++";
				CLANG_ENABLE_MODULES = YES;
				CLANG_ENABLE_OBJC_ARC = YES;
				CLANG_WARN_BOOL_CONVERSION = YES;
				CLANG_WARN_CONSTANT_CONVERSION = YES;
				CLANG_WARN_DIRECT_OBJC_ISA_USAGE = YES_ERROR;
				CLANG_WARN_EMPTY_BODY = YES;
				CLANG_WARN_ENUM_CONVERSION = YES;
				CLANG_WARN_INT_CONVERSION = YES;
				CLANG_WARN_OBJC_ROOT_CLASS = YES_ERROR;
				CLANG_WARN_UNREACHABLE_CODE = YES;
				CLANG_WARN__DUPLICATE_METHOD_MATCH = YES;
				"CODE_SIGN_IDENTITY[sdk=iphoneos*]" = "iPhone Developer";
				COPY_PHASE_STRIP = NO;
				DEBUG_INFORMATION_FORMAT = "dwarf-with-dsym";
				ENABLE_NS_ASSERTIONS = NO;
				ENABLE_STRICT_OBJC_MSGSEND = YES;
				GCC_C_LANGUAGE_STANDARD = gnu99;
				GCC_NO_COMMON_BLOCKS = YES;
				GCC_WARN_64_TO_32_BIT_CONVERSION = YES;
				GCC_WARN_ABOUT_RETURN_TYPE = YES_ERROR;
				GCC_WARN_UNDECLARED_SELECTOR = YES;
				GCC_WARN_UNINITIALIZED_AUTOS = YES_AGGRESSIVE;
				GCC_WARN_UNUSED_FUNCTION = YES;
				GCC_WARN_UNUSED_VARIABLE = YES;
				IPHONEOS_DEPLOYMENT_TARGET = 9.2;
				MTL_ENABLE_DEBUG_INFO = NO;
				SDKROOT = iphoneos;
				VALIDATE_PRODUCT = YES;
			};
			name = Release;
		};
		558FD9361CD0C95C00F3EA63 /* Debug */ = {
			isa = XCBuildConfiguration;
			baseConfigurationReference = 3D606FE1F9DA26DEA9262144 /* Pods-ONE_Swift.debug.xcconfig */;
			buildSettings = {
				ASSETCATALOG_COMPILER_APPICON_NAME = AppIcon;
				INFOPLIST_FILE = ONE_Swift/Info.plist;
				IPHONEOS_DEPLOYMENT_TARGET = 9.3;
				LD_RUNPATH_SEARCH_PATHS = "$(inherited) @executable_path/Frameworks";
				PRODUCT_BUNDLE_IDENTIFIER = ren.yuxiang.ONESwift;
				PRODUCT_NAME = "$(TARGET_NAME)";
			};
			name = Debug;
		};
		558FD9371CD0C95C00F3EA63 /* Release */ = {
			isa = XCBuildConfiguration;
			baseConfigurationReference = 6BD509C900744CEF6CF6593A /* Pods-ONE_Swift.release.xcconfig */;
			buildSettings = {
				ASSETCATALOG_COMPILER_APPICON_NAME = AppIcon;
				INFOPLIST_FILE = ONE_Swift/Info.plist;
				IPHONEOS_DEPLOYMENT_TARGET = 9.3;
				LD_RUNPATH_SEARCH_PATHS = "$(inherited) @executable_path/Frameworks";
				PRODUCT_BUNDLE_IDENTIFIER = ren.yuxiang.ONESwift;
				PRODUCT_NAME = "$(TARGET_NAME)";
			};
			name = Release;
		};
/* End XCBuildConfiguration section */

/* Begin XCConfigurationList section */
		558FD91E1CD0C95C00F3EA63 /* Build configuration list for PBXProject "ONE_Swift" */ = {
			isa = XCConfigurationList;
			buildConfigurations = (
				558FD9331CD0C95C00F3EA63 /* Debug */,
				558FD9341CD0C95C00F3EA63 /* Release */,
			);
			defaultConfigurationIsVisible = 0;
			defaultConfigurationName = Release;
		};
		558FD9351CD0C95C00F3EA63 /* Build configuration list for PBXNativeTarget "ONE_Swift" */ = {
			isa = XCConfigurationList;
			buildConfigurations = (
				558FD9361CD0C95C00F3EA63 /* Debug */,
				558FD9371CD0C95C00F3EA63 /* Release */,
			);
			defaultConfigurationIsVisible = 0;
			defaultConfigurationName = Release;
		};
/* End XCConfigurationList section */
	};
	rootObject = 558FD91B1CD0C95C00F3EA63 /* Project object */;
}
